
Microsoft Visual Studio Solution File, Format Version 12.00
# Visual Studio Version 16
VisualStudioVersion = 16.0.31729.503
MinimumVisualStudioVersion = 10.0.40219.1
Project("{9A19103F-16F7-4668-BE54-9A1E7A4F7556}") = "CWRetail.Products", "CWRetail\CWRetail.Products.csproj", "{B7F399E4-D0E8-47E1-B289-E25AF0E810DD}"
EndProject
Project("{9A19103F-16F7-4668-BE54-9A1E7A4F7556}") = "CWRetail.Products.Models", "CWRetail.Products.Models\CWRetail.Products.Models.csproj", "{00943A04-08EA-4CEA-9345-30A4D672AF4B}"
EndProject
Project("{9A19103F-16F7-4668-BE54-9A1E7A4F7556}") = "CWRetail.Products.Services", "CWRetail.Products.Services\CWRetail.Products.Services.csproj", "{8507A6D4-0CF1-4FA8-8FF7-F14A467EEC35}"
EndProject
Project("{9A19103F-16F7-4668-BE54-9A1E7A4F7556}") = "CWRetail.Products.Data", "CWRetail.Products.Data\CWRetail.Products.Data.csproj", "{F983EF9A-4F0D-4B43-A8E0-EA18BEB728E3}"
EndProject
Project("{9A19103F-16F7-4668-BE54-9A1E7A4F7556}") = "CWRetail.Products.Services.Tests", "CWRetail.Products.Services.Tests\CWRetail.Products.Services.Tests.csproj", "{E1389941-2F98-48C8-9AE0-6F22E6476B64}"
EndProject
Global
	GlobalSection(SolutionConfigurationPlatforms) = preSolution
		Debug|Any CPU = Debug|Any CPU
		Release|Any CPU = Release|Any CPU
	EndGlobalSection
	GlobalSection(ProjectConfigurationPlatforms) = postSolution
		{B7F399E4-D0E8-47E1-B289-E25AF0E810DD}.Debug|Any CPU.ActiveCfg = Debug|Any CPU
		{B7F399E4-D0E8-47E1-B289-E25AF0E810DD}.Debug|Any CPU.Build.0 = Debug|Any CPU
		{B7F399E4-D0E8-47E1-B289-E25AF0E810DD}.Release|Any CPU.ActiveCfg = Release|Any CPU
		{B7F399E4-D0E8-47E1-B289-E25AF0E810DD}.Release|Any CPU.Build.0 = Release|Any CPU
		{00943A04-08EA-4CEA-9345-30A4D672AF4B}.Debug|Any CPU.ActiveCfg = Debug|Any CPU
		{00943A04-08EA-4CEA-9345-30A4D672AF4B}.Debug|Any CPU.Build.0 = Debug|Any CPU
		{00943A04-08EA-4CEA-9345-30A4D672AF4B}.Release|Any CPU.ActiveCfg = Release|Any CPU
		{00943A04-08EA-4CEA-9345-30A4D672AF4B}.Release|Any CPU.Build.0 = Release|Any CPU
		{8507A6D4-0CF1-4FA8-8FF7-F14A467EEC35}.Debug|Any CPU.ActiveCfg = Debug|Any CPU
		{8507A6D4-0CF1-4FA8-8FF7-F14A467EEC35}.Debug|Any CPU.Build.0 = Debug|Any CPU
		{8507A6D4-0CF1-4FA8-8FF7-F14A467EEC35}.Release|Any CPU.ActiveCfg = Release|Any CPU
		{8507A6D4-0CF1-4FA8-8FF7-F14A467EEC35}.Release|Any CPU.Build.0 = Release|Any CPU
		{F983EF9A-4F0D-4B43-A8E0-EA18BEB728E3}.Debug|Any CPU.ActiveCfg = Debug|Any CPU
		{F983EF9A-4F0D-4B43-A8E0-EA18BEB728E3}.Debug|Any CPU.Build.0 = Debug|Any CPU
		{F983EF9A-4F0D-4B43-A8E0-EA18BEB728E3}.Release|Any CPU.ActiveCfg = Release|Any CPU
		{F983EF9A-4F0D-4B43-A8E0-EA18BEB728E3}.Release|Any CPU.Build.0 = Release|Any CPU
		{E1389941-2F98-48C8-9AE0-6F22E6476B64}.Debug|Any CPU.ActiveCfg = Debug|Any CPU
		{E1389941-2F98-48C8-9AE0-6F22E6476B64}.Debug|Any CPU.Build.0 = Debug|Any CPU
		{E1389941-2F98-48C8-9AE0-6F22E6476B64}.Release|Any CPU.ActiveCfg = Release|Any CPU
		{E1389941-2F98-48C8-9AE0-6F22E6476B64}.Release|Any CPU.Build.0 = Release|Any CPU
	EndGlobalSection
	GlobalSection(SolutionProperties) = preSolution
		HideSolutionNode = FALSE
	EndGlobalSection
	GlobalSection(ExtensibilityGlobals) = postSolution
		SolutionGuid = {457953D8-6D72-4D8A-9FF7-6CAA43D69B34}
	EndGlobalSection
EndGlobal
